// !$*UTF8*$!
{
	archiveVersion = 1;
	classes = {
	};
	objectVersion = 46;
	objects = {

/* Begin PBXBuildFile section */
		3B90F2981CBB51A900364DA8 /* main.m in Sources */ = {isa = PBXBuildFile; fileRef = 3B90F2971CBB51A900364DA8 /* main.m */; };
		3B90F29B1CBB51A900364DA8 /* AppDelegate.m in Sources */ = {isa = PBXBuildFile; fileRef = 3B90F29A1CBB51A900364DA8 /* AppDelegate.m */; };
		3B90F29E1CBB51A900364DA8 /* ViewController.m in Sources */ = {isa = PBXBuildFile; fileRef = 3B90F29D1CBB51A900364DA8 /* ViewController.m */; };
		3B90F2A11CBB51A900364DA8 /* Main.storyboard in Resources */ = {isa = PBXBuildFile; fileRef = 3B90F29F1CBB51A900364DA8 /* Main.storyboard */; };
		3B90F2A31CBB51A900364DA8 /* Assets.xcassets in Resources */ = {isa = PBXBuildFile; fileRef = 3B90F2A21CBB51A900364DA8 /* Assets.xcassets */; };
		3B90F2A61CBB51A900364DA8 /* LaunchScreen.storyboard in Resources */ = {isa = PBXBuildFile; fileRef = 3B90F2A41CBB51A900364DA8 /* LaunchScreen.storyboard */; };
		3B90F2AF1CBB521C00364DA8 /* SLMainViewController.m in Sources */ = {isa = PBXBuildFile; fileRef = 3B90F2AE1CBB521C00364DA8 /* SLMainViewController.m */; };
		3B90F2D41CBB863300364DA8 /* SLBaseSquare.m in Sources */ = {isa = PBXBuildFile; fileRef = 3B90F2C71CBB863300364DA8 /* SLBaseSquare.m */; };
		3B90F2D51CBB863300364DA8 /* SLSquareI.m in Sources */ = {isa = PBXBuildFile; fileRef = 3B90F2C91CBB863300364DA8 /* SLSquareI.m */; };
		3B90F2D61CBB863300364DA8 /* SLSquareL.m in Sources */ = {isa = PBXBuildFile; fileRef = 3B90F2CB1CBB863300364DA8 /* SLSquareL.m */; };
		3B90F2D71CBB863300364DA8 /* SLSquareO.m in Sources */ = {isa = PBXBuildFile; fileRef = 3B90F2CD1CBB863300364DA8 /* SLSquareO.m */; };
		3B90F2D81CBB863300364DA8 /* SLSquareS.m in Sources */ = {isa = PBXBuildFile; fileRef = 3B90F2CF1CBB863300364DA8 /* SLSquareS.m */; };
		3B90F2D91CBB863300364DA8 /* SLSquareT.m in Sources */ = {isa = PBXBuildFile; fileRef = 3B90F2D11CBB863300364DA8 /* SLSquareT.m */; };
		3B90F2DA1CBB863300364DA8 /* SLSquareZ.m in Sources */ = {isa = PBXBuildFile; fileRef = 3B90F2D31CBB863300364DA8 /* SLSquareZ.m */; };
/* End PBXBuildFile section */

/* Begin PBXFileReference section */
		3B90F2931CBB51A900364DA8 /* SaberSquareDemo.app */ = {isa = PBXFileReference; explicitFileType = wrapper.application; includeInIndex = 0; path = SaberSquareDemo.app; sourceTree = BUILT_PRODUCTS_DIR; };
		3B90F2971CBB51A900364DA8 /* main.m */ = {isa = PBXFileReference; lastKnownFileType = sourcecode.c.objc; path = main.m; sourceTree = "<group>"; };
		3B90F2991CBB51A900364DA8 /* AppDelegate.h */ = {isa = PBXFileReference; lastKnownFileType = sourcecode.c.h; path = AppDelegate.h; sourceTree = "<group>"; };
		3B90F29A1CBB51A900364DA8 /* AppDelegate.m */ = {isa = PBXFileReference; lastKnownFileType = sourcecode.c.objc; path = AppDelegate.m; sourceTree = "<group>"; };
		3B90F29C1CBB51A900364DA8 /* ViewController.h */ = {isa = PBXFileReference; lastKnownFileType = sourcecode.c.h; path = ViewController.h; sourceTree = "<group>"; };
		3B90F29D1CBB51A900364DA8 /* ViewController.m */ = {isa = PBXFileReference; lastKnownFileType = sourcecode.c.objc; path = ViewController.m; sourceTree = "<group>"; };
		3B90F2A01CBB51A900364DA8 /* Base */ = {isa = PBXFileReference; lastKnownFileType = file.storyboard; name = Base; path = Base.lproj/Main.storyboard; sourceTree = "<group>"; };
		3B90F2A21CBB51A900364DA8 /* Assets.xcassets */ = {isa = PBXFileReference; lastKnownFileType = folder.assetcatalog; path = Assets.xcassets; sourceTree = "<group>"; };
		3B90F2A51CBB51A900364DA8 /* Base */ = {isa = PBXFileReference; lastKnownFileType = file.storyboard; name = Base; path = Base.lproj/LaunchScreen.storyboard; sourceTree = "<group>"; };
		3B90F2A71CBB51A900364DA8 /* Info.plist */ = {isa = PBXFileReference; lastKnownFileType = text.plist.xml; path = Info.plist; sourceTree = "<group>"; };
		3B90F2AD1CBB521C00364DA8 /* SLMainViewController.h */ = {isa = PBXFileReference; fileEncoding = 4; lastKnownFileType = sourcecode.c.h; path = SLMainViewController.h; sourceTree = "<group>"; };
		3B90F2AE1CBB521C00364DA8 /* SLMainViewController.m */ = {isa = PBXFileReference; fileEncoding = 4; lastKnownFileType = sourcecode.c.objc; path = SLMainViewController.m; sourceTree = "<group>"; };
		3B90F2C61CBB863300364DA8 /* SLBaseSquare.h */ = {isa = PBXFileReference; fileEncoding = 4; lastKnownFileType = sourcecode.c.h; path = SLBaseSquare.h; sourceTree = "<group>"; };
		3B90F2C71CBB863300364DA8 /* SLBaseSquare.m */ = {isa = PBXFileReference; fileEncoding = 4; lastKnownFileType = sourcecode.c.objc; path = SLBaseSquare.m; sourceTree = "<group>"; };
		3B90F2C81CBB863300364DA8 /* SLSquareI.h */ = {isa = PBXFileReference; fileEncoding = 4; lastKnownFileType = sourcecode.c.h; path = SLSquareI.h; sourceTree = "<group>"; };
		3B90F2C91CBB863300364DA8 /* SLSquareI.m */ = {isa = PBXFileReference; fileEncoding = 4; lastKnownFileType = sourcecode.c.objc; path = SLSquareI.m; sourceTree = "<group>"; };
		3B90F2CA1CBB863300364DA8 /* SLSquareL.h */ = {isa = PBXFileReference; fileEncoding = 4; lastKnownFileType = sourcecode.c.h; path = SLSquareL.h; sourceTree = "<group>"; };
		3B90F2CB1CBB863300364DA8 /* SLSquareL.m */ = {isa = PBXFileReference; fileEncoding = 4; lastKnownFileType = sourcecode.c.objc; path = SLSquareL.m; sourceTree = "<group>"; };
		3B90F2CC1CBB863300364DA8 /* SLSquareO.h */ = {isa = PBXFileReference; fileEncoding = 4; lastKnownFileType = sourcecode.c.h; path = SLSquareO.h; sourceTree = "<group>"; };
		3B90F2CD1CBB863300364DA8 /* SLSquareO.m */ = {isa = PBXFileReference; fileEncoding = 4; lastKnownFileType = sourcecode.c.objc; path = SLSquareO.m; sourceTree = "<group>"; };
		3B90F2CE1CBB863300364DA8 /* SLSquareS.h */ = {isa = PBXFileReference; fileEncoding = 4; lastKnownFileType = sourcecode.c.h; path = SLSquareS.h; sourceTree = "<group>"; };
		3B90F2CF1CBB863300364DA8 /* SLSquareS.m */ = {isa = PBXFileReference; fileEncoding = 4; lastKnownFileType = sourcecode.c.objc; path = SLSquareS.m; sourceTree = "<group>"; };
		3B90F2D01CBB863300364DA8 /* SLSquareT.h */ = {isa = PBXFileReference; fileEncoding = 4; lastKnownFileType = sourcecode.c.h; path = SLSquareT.h; sourceTree = "<group>"; };
		3B90F2D11CBB863300364DA8 /* SLSquareT.m */ = {isa = PBXFileReference; fileEncoding = 4; lastKnownFileType = sourcecode.c.objc; path = SLSquareT.m; sourceTree = "<group>"; };
		3B90F2D21CBB863300364DA8 /* SLSquareZ.h */ = {isa = PBXFileReference; fileEncoding = 4; lastKnownFileType = sourcecode.c.h; path = SLSquareZ.h; sourceTree = "<group>"; };
		3B90F2D31CBB863300364DA8 /* SLSquareZ.m */ = {isa = PBXFileReference; fileEncoding = 4; lastKnownFileType = sourcecode.c.objc; path = SLSquareZ.m; sourceTree = "<group>"; };
/* End PBXFileReference section */

/* Begin PBXFrameworksBuildPhase section */
		3B90F2901CBB51A900364DA8 /* Frameworks */ = {
			isa = PBXFrameworksBuildPhase;
			buildActionMask = 2147483647;
			files = (
			);
			runOnlyForDeploymentPostprocessing = 0;
		};
/* End PBXFrameworksBuildPhase section */

/* Begin PBXGroup section */
		3B90F28A1CBB51A900364DA8 = {
			isa = PBXGroup;
			children = (
				3B90F2951CBB51A900364DA8 /* SaberSquareDemo */,
				3B90F2941CBB51A900364DA8 /* Products */,
			);
			sourceTree = "<group>";
		};
		3B90F2941CBB51A900364DA8 /* Products */ = {
			isa = PBXGroup;
			children = (
				3B90F2931CBB51A900364DA8 /* SaberSquareDemo.app */,
			);
			name = Products;
			sourceTree = "<group>";
		};
		3B90F2951CBB51A900364DA8 /* SaberSquareDemo */ = {
			isa = PBXGroup;
			children = (
				3B90F2C51CBB863300364DA8 /* Square */,
				3B90F2991CBB51A900364DA8 /* AppDelegate.h */,
				3B90F29A1CBB51A900364DA8 /* AppDelegate.m */,
				3B90F2AD1CBB521C00364DA8 /* SLMainViewController.h */,
				3B90F2AE1CBB521C00364DA8 /* SLMainViewController.m */,
				3B90F29C1CBB51A900364DA8 /* ViewController.h */,
				3B90F29D1CBB51A900364DA8 /* ViewController.m */,
				3B90F29F1CBB51A900364DA8 /* Main.storyboard */,
				3B90F2A21CBB51A900364DA8 /* Assets.xcassets */,
				3B90F2A41CBB51A900364DA8 /* LaunchScreen.storyboard */,
				3B90F2A71CBB51A900364DA8 /* Info.plist */,
				3B90F2961CBB51A900364DA8 /* Supporting Files */,
			);
			path = SaberSquareDemo;
			sourceTree = "<group>";
		};
		3B90F2961CBB51A900364DA8 /* Supporting Files */ = {
			isa = PBXGroup;
			children = (
				3B90F2971CBB51A900364DA8 /* main.m */,
			);
			name = "Supporting Files";
			sourceTree = "<group>";
		};
		3B90F2C51CBB863300364DA8 /* Square */ = {
			isa = PBXGroup;
			children = (
				3B90F2C61CBB863300364DA8 /* SLBaseSquare.h */,
				3B90F2C71CBB863300364DA8 /* SLBaseSquare.m */,
				3B90F2C81CBB863300364DA8 /* SLSquareI.h */,
				3B90F2C91CBB863300364DA8 /* SLSquareI.m */,
				3B90F2CA1CBB863300364DA8 /* SLSquareL.h */,
				3B90F2CB1CBB863300364DA8 /* SLSquareL.m */,
				3B90F2CC1CBB863300364DA8 /* SLSquareO.h */,
				3B90F2CD1CBB863300364DA8 /* SLSquareO.m */,
				3B90F2CE1CBB863300364DA8 /* SLSquareS.h */,
				3B90F2CF1CBB863300364DA8 /* SLSquareS.m */,
				3B90F2D01CBB863300364DA8 /* SLSquareT.h */,
				3B90F2D11CBB863300364DA8 /* SLSquareT.m */,
				3B90F2D21CBB863300364DA8 /* SLSquareZ.h */,
				3B90F2D31CBB863300364DA8 /* SLSquareZ.m */,
			);
			path = Square;
			sourceTree = "<group>";
		};
/* End PBXGroup section */

/* Begin PBXNativeTarget section */
		3B90F2921CBB51A900364DA8 /* SaberSquareDemo */ = {
			isa = PBXNativeTarget;
			buildConfigurationList = 3B90F2AA1CBB51A900364DA8 /* Build configuration list for PBXNativeTarget "SaberSquareDemo" */;
			buildPhases = (
				3B90F28F1CBB51A900364DA8 /* Sources */,
				3B90F2901CBB51A900364DA8 /* Frameworks */,
				3B90F2911CBB51A900364DA8 /* Resources */,
			);
			buildRules = (
			);
			dependencies = (
			);
			name = SaberSquareDemo;
			productName = SaberSquareDemo;
			productReference = 3B90F2931CBB51A900364DA8 /* SaberSquareDemo.app */;
			productType = "com.apple.product-type.application";
		};
/* End PBXNativeTarget section */

/* Begin PBXProject section */
		3B90F28B1CBB51A900364DA8 /* Project object */ = {
			isa = PBXProject;
			attributes = {
				LastUpgradeCheck = 0730;
				ORGANIZATIONNAME = songlong;
				TargetAttributes = {
					3B90F2921CBB51A900364DA8 = {
						CreatedOnToolsVersion = 7.3;
					};
				};
			};
			buildConfigurationList = 3B90F28E1CBB51A900364DA8 /* Build configuration list for PBXProject "SaberSquareDemo" */;
			compatibilityVersion = "Xcode 3.2";
			developmentRegion = English;
			hasScannedForEncodings = 0;
			knownRegions = (
				en,
				Base,
			);
			mainGroup = 3B90F28A1CBB51A900364DA8;
			productRefGroup = 3B90F2941CBB51A900364DA8 /* Products */;
			projectDirPath = "";
			projectRoot = "";
			targets = (
				3B90F2921CBB51A900364DA8 /* SaberSquareDemo */,
			);
		};
/* End PBXProject section */

/* Begin PBXResourcesBuildPhase section */
		3B90F2911CBB51A900364DA8 /* Resources */ = {
			isa = PBXResourcesBuildPhase;
			buildActionMask = 2147483647;
			files = (
				3B90F2A61CBB51A900364DA8 /* LaunchScreen.storyboard in Resources */,
				3B90F2A31CBB51A900364DA8 /* Assets.xcassets in Resources */,
				3B90F2A11CBB51A900364DA8 /* Main.storyboard in Resources */,
			);
			runOnlyForDeploymentPostprocessing = 0;
		};
/* End PBXResourcesBuildPhase section */

/* Begin PBXSourcesBuildPhase section */
		3B90F28F1CBB51A900364DA8 /* Sources */ = {
			isa = PBXSourcesBuildPhase;
			buildActionMask = 2147483647;
			files = (
				3B90F2D91CBB863300364DA8 /* SLSquareT.m in Sources */,
				3B90F2D81CBB863300364DA8 /* SLSquareS.m in Sources */,
				3B90F2DA1CBB863300364DA8 /* SLSquareZ.m in Sources */,
				3B90F2D41CBB863300364DA8 /* SLBaseSquare.m in Sources */,
				3B90F2AF1CBB521C00364DA8 /* SLMainViewController.m in Sources */,
				3B90F29E1CBB51A900364DA8 /* ViewController.m in Sources */,
				3B90F2D61CBB863300364DA8 /* SLSquareL.m in Sources */,
				3B90F2D51CBB863300364DA8 /* SLSquareI.m in Sources */,
				3B90F2D71CBB863300364DA8 /* SLSquareO.m in Sources */,
				3B90F29B1CBB51A900364DA8 /* AppDelegate.m in Sources */,
				3B90F2981CBB51A900364DA8 /* main.m in Sources */,
			);
			runOnlyForDeploymentPostprocessing = 0;
		};
/* End PBXSourcesBuildPhase section */

/* Begin PBXVariantGroup section */
		3B90F29F1CBB51A900364DA8 /* Main.storyboard */ = {
			isa = PBXVariantGroup;
			children = (
				3B90F2A01CBB51A900364DA8 /* Base */,
			);
			name = Main.storyboard;
			sourceTree = "<group>";
		};
		3B90F2A41CBB51A900364DA8 /* LaunchScreen.storyboard */ = {
			isa = PBXVariantGroup;
			children = (
				3B90F2A51CBB51A900364DA8 /* Base */,
			);
			name = LaunchScreen.storyboard;
			sourceTree = "<group>";
		};
/* End PBXVariantGroup section */

/* Begin XCBuildConfiguration section */
		3B90F2A81CBB51A900364DA8 /* Debug */ = {
			isa = XCBuildConfiguration;
			buildSettings = {
				ALWAYS_SEARCH_USER_PATHS = NO;
				CLANG_ANALYZER_NONNULL = YES;
				CLANG_CXX_LANGUAGE_STANDARD = "gnu++0x";
				CLANG_CXX_LIBRARY = "libc++";
				CLANG_ENABLE_MODULES = YES;
				CLANG_ENABLE_OBJC_ARC = YES;
				CLANG_WARN_BOOL_CONVERSION = YES;
				CLANG_WARN_CONSTANT_CONVERSION = YES;
				CLANG_WARN_DIRECT_OBJC_ISA_USAGE = YES_ERROR;
				CLANG_WARN_EMPTY_BODY = YES;
				CLANG_WARN_ENUM_CONVERSION = YES;
				CLANG_WARN_INT_CONVERSION = YES;
				CLANG_WARN_OBJC_ROOT_CLASS = YES_ERROR;
				CLANG_WARN_UNREACHABLE_CODE = YES;
				CLANG_WARN__DUPLICATE_METHOD_MATCH = YES;
				"CODE_SIGN_IDENTITY[sdk=iphoneos*]" = "iPhone Developer";
				COPY_PHASE_STRIP = NO;
				DEBUG_INFORMATION_FORMAT = dwarf;
				ENABLE_STRICT_OBJC_MSGSEND = YES;
				ENABLE_TESTABILITY = YES;
				GCC_C_LANGUAGE_STANDARD = gnu99;
				GCC_DYNAMIC_NO_PIC = NO;
				GCC_NO_COMMON_BLOCKS = YES;
				GCC_OPTIMIZATION_LEVEL = 0;
				GCC_PREPROCESSOR_DEFINITIONS = (
					"DEBUG=1",
					"$(inherited)",
				);
				GCC_WARN_64_TO_32_BIT_CONVERSION = YES;
				GCC_WARN_ABOUT_RETURN_TYPE = YES_ERROR;
				GCC_WARN_UNDECLARED_SELECTOR = YES;
				GCC_WARN_UNINITIALIZED_AUTOS = YES_AGGRESSIVE;
				GCC_WARN_UNUSED_FUNCTION = YES;
				GCC_WARN_UNUSED_VARIABLE = YES;
				IPHONEOS_DEPLOYMENT_TARGET = 9.3;
				MTL_ENABLE_DEBUG_INFO = YES;
				ONLY_ACTIVE_ARCH = YES;
				SDKROOT = iphoneos;
			};
			name = Debug;
		};
		3B90F2A91CBB51A900364DA8 /* Release */ = {
			isa = XCBuildConfiguration;
			buildSettings = {
				ALWAYS_SEARCH_USER_PATHS = NO;
				CLANG_ANALYZER_NONNULL = YES;
				CLANG_CXX_LANGUAGE_STANDARD = "gnu++0x";
				CLANG_CXX_LIBRARY = "libc++";
				CLANG_ENABLE_MODULES = YES;
				CLANG_ENABLE_OBJC_ARC = YES;
				CLANG_WARN_BOOL_CONVERSION = YES;
				CLANG_WARN_CONSTANT_CONVERSION = YES;
				CLANG_WARN_DIRECT_OBJC_ISA_USAGE = YES_ERROR;
				CLANG_WARN_EMPTY_BODY = YES;
				CLANG_WARN_ENUM_CONVERSION = YES;
				CLANG_WARN_INT_CONVERSION = YES;
				CLANG_WARN_OBJC_ROOT_CLASS = YES_ERROR;
				CLANG_WARN_UNREACHABLE_CODE = YES;
				CLANG_WARN__DUPLICATE_METHOD_MATCH = YES;
				"CODE_SIGN_IDENTITY[sdk=iphoneos*]" = "iPhone Developer";
				COPY_PHASE_STRIP = NO;
				DEBUG_INFORMATION_FORMAT = "dwarf-with-dsym";
				ENABLE_NS_ASSERTIONS = NO;
				ENABLE_STRICT_OBJC_MSGSEND = YES;
				GCC_C_LANGUAGE_STANDARD = gnu99;
				GCC_NO_COMMON_BLOCKS = YES;
				GCC_WARN_64_TO_32_BIT_CONVERSION = YES;
				GCC_WARN_ABOUT_RETURN_TYPE = YES_ERROR;
				GCC_WARN_UNDECLARED_SELECTOR = YES;
				GCC_WARN_UNINITIALIZED_AUTOS = YES_AGGRESSIVE;
				GCC_WARN_UNUSED_FUNCTION = YES;
				GCC_WARN_UNUSED_VARIABLE = YES;
				IPHONEOS_DEPLOYMENT_TARGET = 9.3;
				MTL_ENABLE_DEBUG_INFO = NO;
				SDKROOT = iphoneos;
				VALIDATE_PRODUCT = YES;
			};
			name = Release;
		};
		3B90F2AB1CBB51A900364DA8 /* Debug */ = {
			isa = XCBuildConfiguration;
			buildSettings = {
				ASSETCATALOG_COMPILER_APPICON_NAME = AppIcon;
				INFOPLIST_FILE = SaberSquareDemo/Info.plist;
				LD_RUNPATH_SEARCH_PATHS = "$(inherited) @executable_path/Frameworks";
				PRODUCT_BUNDLE_IDENTIFIER = cn.songlong.SaberSquareDemo;
				PRODUCT_NAME = "$(TARGET_NAME)";
			};
			name = Debug;
		};
		3B90F2AC1CBB51A900364DA8 /* Release */ = {
			isa = XCBuildConfiguration;
			buildSettings = {
				ASSETCATALOG_COMPILER_APPICON_NAME = AppIcon;
				INFOPLIST_FILE = SaberSquareDemo/Info.plist;
				LD_RUNPATH_SEARCH_PATHS = "$(inherited) @executable_path/Frameworks";
				PRODUCT_BUNDLE_IDENTIFIER = cn.songlong.SaberSquareDemo;
				PRODUCT_NAME = "$(TARGET_NAME)";
			};
			name = Release;
		};
/* End XCBuildConfiguration section */

/* Begin XCConfigurationList section */
		3B90F28E1CBB51A900364DA8 /* Build configuration list for PBXProject "SaberSquareDemo" */ = {
			isa = XCConfigurationList;
			buildConfigurations = (
				3B90F2A81CBB51A900364DA8 /* Debug */,
				3B90F2A91CBB51A900364DA8 /* Release */,
			);
			defaultConfigurationIsVisible = 0;
			defaultConfigurationName = Release;
		};
		3B90F2AA1CBB51A900364DA8 /* Build configuration list for PBXNativeTarget "SaberSquareDemo" */ = {
			isa = XCConfigurationList;
			buildConfigurations = (
				3B90F2AB1CBB51A900364DA8 /* Debug */,
				3B90F2AC1CBB51A900364DA8 /* Release */,
			);
			defaultConfigurationIsVisible = 0;
			defaultConfigurationName = Release;
		};
/* End XCConfigurationList section */
	};
	rootObject = 3B90F28B1CBB51A900364DA8 /* Project object */;
}
